
Microsoft Visual Studio Solution File, Format Version 12.00
# Visual Studio Version 16
VisualStudioVersion = 16.0.29424.173
MinimumVisualStudioVersion = 10.0.40219.1
Project("{9A19103F-16F7-4668-BE54-9A1E7A4F7556}") = "Day3", "Day3\Day3.csproj", "{B7A15867-DE67-4F2B-869D-FBA5CA06EBEA}"
EndProject
Project("{9A19103F-16F7-4668-BE54-9A1E7A4F7556}") = "Day4", "Day4\Day4.csproj", "{34A9D753-03C4-46C8-95BE-E6A889401791}"
EndProject
Project("{9A19103F-16F7-4668-BE54-9A1E7A4F7556}") = "Day1", "Day1\Day1.csproj", "{13207921-6AD2-4F1E-B252-7BA735696300}"
EndProject
Project("{9A19103F-16F7-4668-BE54-9A1E7A4F7556}") = "Day2", "Day2\Day2.csproj", "{F701239B-2F27-404F-8C7F-FA9FA6A97D13}"
EndProject
Project("{9A19103F-16F7-4668-BE54-9A1E7A4F7556}") = "Day5", "Day5\Day5.csproj", "{7CC29117-F9F3-4EBB-A7C6-A6A21CAD7D7B}"
EndProject
Project("{FAE04EC0-301F-11D3-BF4B-00C04F79EFBC}") = "Day6", "Day6\Day6.csproj", "{B5483D3B-E0AE-41AE-9F3A-2C9CDB2513FF}"
EndProject
Global
	GlobalSection(SolutionConfigurationPlatforms) = preSolution
		Debug|Any CPU = Debug|Any CPU
		Release|Any CPU = Release|Any CPU
	EndGlobalSection
	GlobalSection(ProjectConfigurationPlatforms) = postSolution
		{B7A15867-DE67-4F2B-869D-FBA5CA06EBEA}.Debug|Any CPU.ActiveCfg = Debug|Any CPU
		{B7A15867-DE67-4F2B-869D-FBA5CA06EBEA}.Debug|Any CPU.Build.0 = Debug|Any CPU
		{B7A15867-DE67-4F2B-869D-FBA5CA06EBEA}.Release|Any CPU.ActiveCfg = Release|Any CPU
		{B7A15867-DE67-4F2B-869D-FBA5CA06EBEA}.Release|Any CPU.Build.0 = Release|Any CPU
		{34A9D753-03C4-46C8-95BE-E6A889401791}.Debug|Any CPU.ActiveCfg = Debug|Any CPU
		{34A9D753-03C4-46C8-95BE-E6A889401791}.Debug|Any CPU.Build.0 = Debug|Any CPU
		{34A9D753-03C4-46C8-95BE-E6A889401791}.Release|Any CPU.ActiveCfg = Release|Any CPU
		{34A9D753-03C4-46C8-95BE-E6A889401791}.Release|Any CPU.Build.0 = Release|Any CPU
		{13207921-6AD2-4F1E-B252-7BA735696300}.Debug|Any CPU.ActiveCfg = Debug|Any CPU
		{13207921-6AD2-4F1E-B252-7BA735696300}.Debug|Any CPU.Build.0 = Debug|Any CPU
		{13207921-6AD2-4F1E-B252-7BA735696300}.Release|Any CPU.ActiveCfg = Release|Any CPU
		{13207921-6AD2-4F1E-B252-7BA735696300}.Release|Any CPU.Build.0 = Release|Any CPU
		{F701239B-2F27-404F-8C7F-FA9FA6A97D13}.Debug|Any CPU.ActiveCfg = Debug|Any CPU
		{F701239B-2F27-404F-8C7F-FA9FA6A97D13}.Debug|Any CPU.Build.0 = Debug|Any CPU
		{F701239B-2F27-404F-8C7F-FA9FA6A97D13}.Release|Any CPU.ActiveCfg = Release|Any CPU
		{F701239B-2F27-404F-8C7F-FA9FA6A97D13}.Release|Any CPU.Build.0 = Release|Any CPU
		{7CC29117-F9F3-4EBB-A7C6-A6A21CAD7D7B}.Debug|Any CPU.ActiveCfg = Debug|Any CPU
		{7CC29117-F9F3-4EBB-A7C6-A6A21CAD7D7B}.Debug|Any CPU.Build.0 = Debug|Any CPU
		{7CC29117-F9F3-4EBB-A7C6-A6A21CAD7D7B}.Release|Any CPU.ActiveCfg = Release|Any CPU
		{7CC29117-F9F3-4EBB-A7C6-A6A21CAD7D7B}.Release|Any CPU.Build.0 = Release|Any CPU
		{B5483D3B-E0AE-41AE-9F3A-2C9CDB2513FF}.Debug|Any CPU.ActiveCfg = Debug|Any CPU
		{B5483D3B-E0AE-41AE-9F3A-2C9CDB2513FF}.Debug|Any CPU.Build.0 = Debug|Any CPU
		{B5483D3B-E0AE-41AE-9F3A-2C9CDB2513FF}.Release|Any CPU.ActiveCfg = Release|Any CPU
		{B5483D3B-E0AE-41AE-9F3A-2C9CDB2513FF}.Release|Any CPU.Build.0 = Release|Any CPU
	EndGlobalSection
	GlobalSection(SolutionProperties) = preSolution
		HideSolutionNode = FALSE
	EndGlobalSection
	GlobalSection(ExtensibilityGlobals) = postSolution
		SolutionGuid = {B068372A-1E69-4922-AED3-E346F8131142}
	EndGlobalSection
EndGlobal
